// !$*UTF8*$!
{
	archiveVersion = 1;
	classes = {
	};
	objectVersion = 77;
	objects = {

/* Begin PBXBuildFile section */
		40ECF2152F2ECD4C000FA535 /* LiveKit in Frameworks */ = {isa = PBXBuildFile; productRef = 40ECF2142F2ECD4C000FA535 /* LiveKit */; };
/* End PBXBuildFile section */

/* Begin PBXContainerItemProxy section */
		4054BCC32F298FE400AD8947 /* PBXContainerItemProxy */ = {
			isa = PBXContainerItemProxy;
			containerPortal = 4054BCAD2F298FE100AD8947 /* Project object */;
			proxyType = 1;
			remoteGlobalIDString = 4054BCB42F298FE100AD8947;
			remoteInfo = SwiftCallKit;
		};
		4054BCCD2F298FE400AD8947 /* PBXContainerItemProxy */ = {
			isa = PBXContainerItemProxy;
			containerPortal = 4054BCAD2F298FE100AD8947 /* Project object */;
			proxyType = 1;
			remoteGlobalIDString = 4054BCB42F298FE100AD8947;
			remoteInfo = SwiftCallKit;
		};
/* End PBXContainerItemProxy section */

/* Begin PBXFileReference section */
		4054BCB52F298FE100AD8947 /* SwiftCallKit.app */ = {isa = PBXFileReference; explicitFileType = wrapper.application; includeInIndex = 0; path = SwiftCallKit.app; sourceTree = BUILT_PRODUCTS_DIR; };
		4054BCC22F298FE400AD8947 /* SwiftCallKitTests.xctest */ = {isa = PBXFileReference; explicitFileType = wrapper.cfbundle; includeInIndex = 0; path = SwiftCallKitTests.xctest; sourceTree = BUILT_PRODUCTS_DIR; };
		4054BCCC2F298FE400AD8947 /* SwiftCallKitUITests.xctest */ = {isa = PBXFileReference; explicitFileType = wrapper.cfbundle; includeInIndex = 0; path = SwiftCallKitUITests.xctest; sourceTree = BUILT_PRODUCTS_DIR; };
/* End PBXFileReference section */

/* Begin PBXFileSystemSynchronizedBuildFileExceptionSet section */
		40C7DA502F319E25000E5FCA /* Exceptions for "SwiftCallKit" folder in "SwiftCallKit" target */ = {
			isa = PBXFileSystemSynchronizedBuildFileExceptionSet;
			membershipExceptions = (
				Info.plist,
			);
			target = 4054BCB42F298FE100AD8947 /* SwiftCallKit */;
		};
/* End PBXFileSystemSynchronizedBuildFileExceptionSet section */

/* Begin PBXFileSystemSynchronizedRootGroup section */
		4054BCB72F298FE100AD8947 /* SwiftCallKit */ = {
			isa = PBXFileSystemSynchronizedRootGroup;
			exceptions = (
				40C7DA502F319E25000E5FCA /* Exceptions for "SwiftCallKit" folder in "SwiftCallKit" target */,
			);
			path = SwiftCallKit;
			sourceTree = "<group>";
		};
		4054BCC52F298FE400AD8947 /* SwiftCallKitTests */ = {
			isa = PBXFileSystemSynchronizedRootGroup;
			path = SwiftCallKitTests;
			sourceTree = "<group>";
		};
		4054BCCF2F298FE400AD8947 /* SwiftCallKitUITests */ = {
			isa = PBXFileSystemSynchronizedRootGroup;
			path = SwiftCallKitUITests;
			sourceTree = "<group>";
		};
/* End PBXFileSystemSynchronizedRootGroup section */

/* Begin PBXFrameworksBuildPhase section */
		4054BCB22F298FE100AD8947 /* Frameworks */ = {
			isa = PBXFrameworksBuildPhase;
			buildActionMask = 2147483647;
			files = (
				40ECF2152F2ECD4C000FA535 /* LiveKit in Frameworks */,
			);
			runOnlyForDeploymentPostprocessing = 0;
		};
		4054BCBF2F298FE400AD8947 /* Frameworks */ = {
			isa = PBXFrameworksBuildPhase;
			buildActionMask = 2147483647;
			files = (
			);
			runOnlyForDeploymentPostprocessing = 0;
		};
		4054BCC92F298FE400AD8947 /* Frameworks */ = {
			isa = PBXFrameworksBuildPhase;
			buildActionMask = 2147483647;
			files = (
			);
			runOnlyForDeploymentPostprocessing = 0;
		};
/* End PBXFrameworksBuildPhase section */

/* Begin PBXGroup section */
		4054BCAC2F298FE100AD8947 = {
			isa = PBXGroup;
			children = (
				4054BCB72F298FE100AD8947 /* SwiftCallKit */,
				4054BCC52F298FE400AD8947 /* SwiftCallKitTests */,
				4054BCCF2F298FE400AD8947 /* SwiftCallKitUITests */,
				4054BCB62F298FE100AD8947 /* Products */,
			);
			sourceTree = "<group>";
		};
		4054BCB62F298FE100AD8947 /* Products */ = {
			isa = PBXGroup;
			children = (
				4054BCB52F298FE100AD8947 /* SwiftCallKit.app */,
				4054BCC22F298FE400AD8947 /* SwiftCallKitTests.xctest */,
				4054BCCC2F298FE400AD8947 /* SwiftCallKitUITests.xctest */,
			);
			name = Products;
			sourceTree = "<group>";
		};
/* End PBXGroup section */

/* Begin PBXNativeTarget section */
		4054BCB42F298FE100AD8947 /* SwiftCallKit */ = {
			isa = PBXNativeTarget;
			buildConfigurationList = 4054BCD62F298FE400AD8947 /* Build configuration list for PBXNativeTarget "SwiftCallKit" */;
			buildPhases = (
				4054BCB12F298FE100AD8947 /* Sources */,
				4054BCB22F298FE100AD8947 /* Frameworks */,
				4054BCB32F298FE100AD8947 /* Resources */,
			);
			buildRules = (
			);
			dependencies = (
			);
			fileSystemSynchronizedGroups = (
				4054BCB72F298FE100AD8947 /* SwiftCallKit */,
			);
			name = SwiftCallKit;
			packageProductDependencies = (
				40ECF2142F2ECD4C000FA535 /* LiveKit */,
			);
			productName = SwiftCallKit;
			productReference = 4054BCB52F298FE100AD8947 /* SwiftCallKit.app */;
			productType = "com.apple.product-type.application";
		};
		4054BCC12F298FE400AD8947 /* SwiftCallKitTests */ = {
			isa = PBXNativeTarget;
			buildConfigurationList = 4054BCD92F298FE400AD8947 /* Build configuration list for PBXNativeTarget "SwiftCallKitTests" */;
			buildPhases = (
				4054BCBE2F298FE400AD8947 /* Sources */,
				4054BCBF2F298FE400AD8947 /* Frameworks */,
				4054BCC02F298FE400AD8947 /* Resources */,
			);
			buildRules = (
			);
			dependencies = (
				4054BCC42F298FE400AD8947 /* PBXTargetDependency */,
			);
			fileSystemSynchronizedGroups = (
				4054BCC52F298FE400AD8947 /* SwiftCallKitTests */,
			);
			name = SwiftCallKitTests;
			packageProductDependencies = (
			);
			productName = SwiftCallKitTests;
			productReference = 4054BCC22F298FE400AD8947 /* SwiftCallKitTests.xctest */;
			productType = "com.apple.product-type.bundle.unit-test";
		};
		4054BCCB2F298FE400AD8947 /* SwiftCallKitUITests */ = {
			isa = PBXNativeTarget;
			buildConfigurationList = 4054BCDC2F298FE400AD8947 /* Build configuration list for PBXNativeTarget "SwiftCallKitUITests" */;
			buildPhases = (
				4054BCC82F298FE400AD8947 /* Sources */,
				4054BCC92F298FE400AD8947 /* Frameworks */,
				4054BCCA2F298FE400AD8947 /* Resources */,
			);
			buildRules = (
			);
			dependencies = (
				4054BCCE2F298FE400AD8947 /* PBXTargetDependency */,
			);
			fileSystemSynchronizedGroups = (
				4054BCCF2F298FE400AD8947 /* SwiftCallKitUITests */,
			);
			name = SwiftCallKitUITests;
			packageProductDependencies = (
			);
			productName = SwiftCallKitUITests;
			productReference = 4054BCCC2F298FE400AD8947 /* SwiftCallKitUITests.xctest */;
			productType = "com.apple.product-type.bundle.ui-testing";
		};
/* End PBXNativeTarget section */

/* Begin PBXProject section */
		4054BCAD2F298FE100AD8947 /* Project object */ = {
			isa = PBXProject;
			attributes = {
				BuildIndependentTargetsInParallel = 1;
				LastSwiftUpdateCheck = 2600;
				LastUpgradeCheck = 2600;
				TargetAttributes = {
					4054BCB42F298FE100AD8947 = {
						CreatedOnToolsVersion = 26.0.1;
					};
					4054BCC12F298FE400AD8947 = {
						CreatedOnToolsVersion = 26.0.1;
						TestTargetID = 4054BCB42F298FE100AD8947;
					};
					4054BCCB2F298FE400AD8947 = {
						CreatedOnToolsVersion = 26.0.1;
						TestTargetID = 4054BCB42F298FE100AD8947;
					};
				};
			};
			buildConfigurationList = 4054BCB02F298FE100AD8947 /* Build configuration list for PBXProject "SwiftCallKit" */;
			developmentRegion = en;
			hasScannedForEncodings = 0;
			knownRegions = (
				en,
				Base,
			);
			mainGroup = 4054BCAC2F298FE100AD8947;
			minimizedProjectReferenceProxies = 1;
			packageReferences = (
				40ECF2132F2ECD4C000FA535 /* XCRemoteSwiftPackageReference "client-sdk-swift" */,
			);
			preferredProjectObjectVersion = 77;
			productRefGroup = 4054BCB62F298FE100AD8947 /* Products */;
			projectDirPath = "";
			projectRoot = "";
			targets = (
				4054BCB42F298FE100AD8947 /* SwiftCallKit */,
				4054BCC12F298FE400AD8947 /* SwiftCallKitTests */,
				4054BCCB2F298FE400AD8947 /* SwiftCallKitUITests */,
			);
		};
/* End PBXProject section */

/* Begin PBXResourcesBuildPhase section */
		4054BCB32F298FE100AD8947 /* Resources */ = {
			isa = PBXResourcesBuildPhase;
			buildActionMask = 2147483647;
			files = (
			);
			runOnlyForDeploymentPostprocessing = 0;
		};
		4054BCC02F298FE400AD8947 /* Resources */ = {
			isa = PBXResourcesBuildPhase;
			buildActionMask = 2147483647;
			files = (
			);
			runOnlyForDeploymentPostprocessing = 0;
		};
		4054BCCA2F298FE400AD8947 /* Resources */ = {
			isa = PBXResourcesBuildPhase;
			buildActionMask = 2147483647;
			files = (
			);
			runOnlyForDeploymentPostprocessing = 0;
		};
/* End PBXResourcesBuildPhase section */

/* Begin PBXSourcesBuildPhase section */
		4054BCB12F298FE100AD8947 /* Sources */ = {
			isa = PBXSourcesBuildPhase;
			buildActionMask = 2147483647;
			files = (
			);
			runOnlyForDeploymentPostprocessing = 0;
		};
		4054BCBE2F298FE400AD8947 /* Sources */ = {
			isa = PBXSourcesBuildPhase;
			buildActionMask = 2147483647;
			files = (
			);
			runOnlyForDeploymentPostprocessing = 0;
		};
		4054BCC82F298FE400AD8947 /* Sources */ = {
			isa = PBXSourcesBuildPhase;
			buildActionMask = 2147483647;
			files = (
			);
			runOnlyForDeploymentPostprocessing = 0;
		};
/* End PBXSourcesBuildPhase section */

/* Begin PBXTargetDependency section */
		4054BCC42F298FE400AD8947 /* PBXTargetDependency */ = {
			isa = PBXTargetDependency;
			target = 4054BCB42F298FE100AD8947 /* SwiftCallKit */;
			targetProxy = 4054BCC32F298FE400AD8947 /* PBXContainerItemProxy */;
		};
		4054BCCE2F298FE400AD8947 /* PBXTargetDependency */ = {
			isa = PBXTargetDependency;
			target = 4054BCB42F298FE100AD8947 /* SwiftCallKit */;
			targetProxy = 4054BCCD2F298FE400AD8947 /* PBXContainerItemProxy */;
		};
/* End PBXTargetDependency section */

/* Begin XCBuildConfiguration section */
		4054BCD42F298FE400AD8947 /* Debug */ = {
			isa = XCBuildConfiguration;
			buildSettings = {
				ALWAYS_SEARCH_USER_PATHS = NO;
				ASSETCATALOG_COMPILER_GENERATE_SWIFT_ASSET_SYMBOL_EXTENSIONS = YES;
				CLANG_ANALYZER_NONNULL = YES;
				CLANG_ANALYZER_NUMBER_OBJECT_CONVERSION = YES_AGGRESSIVE;
				CLANG_CXX_LANGUAGE_STANDARD = "gnu++20";
				CLANG_ENABLE_MODULES = YES;
				CLANG_ENABLE_OBJC_ARC = YES;
				CLANG_ENABLE_OBJC_WEAK = YES;
				CLANG_WARN_BLOCK_CAPTURE_AUTORELEASING = YES;
				CLANG_WARN_BOOL_CONVERSION = YES;
				CLANG_WARN_COMMA = YES;
				CLANG_WARN_CONSTANT_CONVERSION = YES;
				CLANG_WARN_DEPRECATED_OBJC_IMPLEMENTATIONS = YES;
				CLANG_WARN_DIRECT_OBJC_ISA_USAGE = YES_ERROR;
				CLANG_WARN_DOCUMENTATION_COMMENTS = YES;
				CLANG_WARN_EMPTY_BODY = YES;
				CLANG_WARN_ENUM_CONVERSION = YES;
				CLANG_WARN_INFINITE_RECURSION = YES;
				CLANG_WARN_INT_CONVERSION = YES;
				CLANG_WARN_NON_LITERAL_NULL_CONVERSION = YES;
				CLANG_WARN_OBJC_IMPLICIT_RETAIN_SELF = YES;
				CLANG_WARN_OBJC_LITERAL_CONVERSION = YES;
				CLANG_WARN_OBJC_ROOT_CLASS = YES_ERROR;
				CLANG_WARN_QUOTED_INCLUDE_IN_FRAMEWORK_HEADER = YES;
				CLANG_WARN_RANGE_LOOP_ANALYSIS = YES;
				CLANG_WARN_STRICT_PROTOTYPES = YES;
				CLANG_WARN_SUSPICIOUS_MOVE = YES;
				CLANG_WARN_UNGUARDED_AVAILABILITY = YES_AGGRESSIVE;
				CLANG_WARN_UNREACHABLE_CODE = YES;
				CLANG_WARN__DUPLICATE_METHOD_MATCH = YES;
				COPY_PHASE_STRIP = NO;
				DEBUG_INFORMATION_FORMAT = dwarf;
				DEVELOPMENT_TEAM = XRBX6Z7278;
				ENABLE_STRICT_OBJC_MSGSEND = YES;
				ENABLE_TESTABILITY = YES;
				ENABLE_USER_SCRIPT_SANDBOXING = YES;
				GCC_C_LANGUAGE_STANDARD = gnu17;
				GCC_DYNAMIC_NO_PIC = NO;
				GCC_NO_COMMON_BLOCKS = YES;
				GCC_OPTIMIZATION_LEVEL = 0;
				GCC_PREPROCESSOR_DEFINITIONS = (
					"DEBUG=1",
					"$(inherited)",
				);
				GCC_WARN_64_TO_32_BIT_CONVERSION = YES;
				GCC_WARN_ABOUT_RETURN_TYPE = YES_ERROR;
				GCC_WARN_UNDECLARED_SELECTOR = YES;
				GCC_WARN_UNINITIALIZED_AUTOS = YES_AGGRESSIVE;
				GCC_WARN_UNUSED_FUNCTION = YES;
				GCC_WARN_UNUSED_VARIABLE = YES;
				IPHONEOS_DEPLOYMENT_TARGET = 26.0;
				LOCALIZATION_PREFERS_STRING_CATALOGS = YES;
				MTL_ENABLE_DEBUG_INFO = INCLUDE_SOURCE;
				MTL_FAST_MATH = YES;
				ONLY_ACTIVE_ARCH = YES;
				SDKROOT = iphoneos;
				SWIFT_ACTIVE_COMPILATION_CONDITIONS = "DEBUG $(inherited)";
				SWIFT_OPTIMIZATION_LEVEL = "-Onone";
			};
			name = Debug;
		};
		4054BCD52F298FE400AD8947 /* Release */ = {
			isa = XCBuildConfiguration;
			buildSettings = {
				ALWAYS_SEARCH_USER_PATHS = NO;
				ASSETCATALOG_COMPILER_GENERATE_SWIFT_ASSET_SYMBOL_EXTENSIONS = YES;
				CLANG_ANALYZER_NONNULL = YES;
				CLANG_ANALYZER_NUMBER_OBJECT_CONVERSION = YES_AGGRESSIVE;
				CLANG_CXX_LANGUAGE_STANDARD = "gnu++20";
				CLANG_ENABLE_MODULES = YES;
				CLANG_ENABLE_OBJC_ARC = YES;
				CLANG_ENABLE_OBJC_WEAK = YES;
				CLANG_WARN_BLOCK_CAPTURE_AUTORELEASING = YES;
				CLANG_WARN_BOOL_CONVERSION = YES;
				CLANG_WARN_COMMA = YES;
				CLANG_WARN_CONSTANT_CONVERSION = YES;
				CLANG_WARN_DEPRECATED_OBJC_IMPLEMENTATIONS = YES;
				CLANG_WARN_DIRECT_OBJC_ISA_USAGE = YES_ERROR;
				CLANG_WARN_DOCUMENTATION_COMMENTS = YES;
				CLANG_WARN_EMPTY_BODY = YES;
				CLANG_WARN_ENUM_CONVERSION = YES;
				CLANG_WARN_INFINITE_RECURSION = YES;
				CLANG_WARN_INT_CONVERSION = YES;
				CLANG_WARN_NON_LITERAL_NULL_CONVERSION = YES;
				CLANG_WARN_OBJC_IMPLICIT_RETAIN_SELF = YES;
				CLANG_WARN_OBJC_LITERAL_CONVERSION = YES;
				CLANG_WARN_OBJC_ROOT_CLASS = YES_ERROR;
				CLANG_WARN_QUOTED_INCLUDE_IN_FRAMEWORK_HEADER = YES;
				CLANG_WARN_RANGE_LOOP_ANALYSIS = YES;
				CLANG_WARN_STRICT_PROTOTYPES = YES;
				CLANG_WARN_SUSPICIOUS_MOVE = YES;
				CLANG_WARN_UNGUARDED_AVAILABILITY = YES_AGGRESSIVE;
				CLANG_WARN_UNREACHABLE_CODE = YES;
				CLANG_WARN__DUPLICATE_METHOD_MATCH = YES;
				COPY_PHASE_STRIP = NO;
				DEBUG_INFORMATION_FORMAT = "dwarf-with-dsym";
				DEVELOPMENT_TEAM = XRBX6Z7278;
				ENABLE_NS_ASSERTIONS = NO;
				ENABLE_STRICT_OBJC_MSGSEND = YES;
				ENABLE_USER_SCRIPT_SANDBOXING = YES;
				GCC_C_LANGUAGE_STANDARD = gnu17;
				GCC_NO_COMMON_BLOCKS = YES;
				GCC_WARN_64_TO_32_BIT_CONVERSION = YES;
				GCC_WARN_ABOUT_RETURN_TYPE = YES_ERROR;
				GCC_WARN_UNDECLARED_SELECTOR = YES;
				GCC_WARN_UNINITIALIZED_AUTOS = YES_AGGRESSIVE;
				GCC_WARN_UNUSED_FUNCTION = YES;
				GCC_WARN_UNUSED_VARIABLE = YES;
				IPHONEOS_DEPLOYMENT_TARGET = 26.0;
				LOCALIZATION_PREFERS_STRING_CATALOGS = YES;
				MTL_ENABLE_DEBUG_INFO = NO;
				MTL_FAST_MATH = YES;
				SDKROOT = iphoneos;
				SWIFT_COMPILATION_MODE = wholemodule;
				VALIDATE_PRODUCT = YES;
			};
			name = Release;
		};
		4054BCD72F298FE400AD8947 /* Debug */ = {
			isa = XCBuildConfiguration;
			buildSettings = {
				ASSETCATALOG_COMPILER_APPICON_NAME = AppIcon;
				ASSETCATALOG_COMPILER_GLOBAL_ACCENT_COLOR_NAME = AccentColor;
				CODE_SIGN_STYLE = Automatic;
				CURRENT_PROJECT_VERSION = 1;
				DEVELOPMENT_TEAM = XRBX6Z7278;
				ENABLE_PREVIEWS = YES;
				GENERATE_INFOPLIST_FILE = YES;
				INFOPLIST_FILE = SwiftCallKit/Info.plist;
				INFOPLIST_KEY_NSMicrophoneUsageDescription = "We need microphone access for calls";
				INFOPLIST_KEY_NSVoIPUsageDescription = "";
				INFOPLIST_KEY_UIApplicationSceneManifest_Generation = YES;
				INFOPLIST_KEY_UIApplicationSupportsIndirectInputEvents = YES;
				INFOPLIST_KEY_UILaunchScreen_Generation = YES;
				INFOPLIST_KEY_UISupportedInterfaceOrientations_iPad = "UIInterfaceOrientationPortrait UIInterfaceOrientationPortraitUpsideDown UIInterfaceOrientationLandscapeLeft UIInterfaceOrientationLandscapeRight";
				INFOPLIST_KEY_UISupportedInterfaceOrientations_iPhone = "UIInterfaceOrientationPortrait UIInterfaceOrientationLandscapeLeft UIInterfaceOrientationLandscapeRight";
				LD_RUNPATH_SEARCH_PATHS = (
					"$(inherited)",
					"@executable_path/Frameworks",
				);
				MARKETING_VERSION = 1.0;
				PRODUCT_BUNDLE_IDENTIFIER = XOX.iOS.SwiftCallKit;
				PRODUCT_NAME = "$(TARGET_NAME)";
				STRING_CATALOG_GENERATE_SYMBOLS = YES;
				SWIFT_APPROACHABLE_CONCURRENCY = YES;
				SWIFT_DEFAULT_ACTOR_ISOLATION = MainActor;
				SWIFT_EMIT_LOC_STRINGS = YES;
				SWIFT_UPCOMING_FEATURE_MEMBER_IMPORT_VISIBILITY = YES;
				SWIFT_VERSION = 5.0;
				TARGETED_DEVICE_FAMILY = "1,2";
			};
			name = Debug;
		};
		4054BCD82F298FE400AD8947 /* Release */ = {
			isa = XCBuildConfiguration;
			buildSettings = {
				ASSETCATALOG_COMPILER_APPICON_NAME = AppIcon;
				ASSETCATALOG_COMPILER_GLOBAL_ACCENT_COLOR_NAME = AccentColor;
				CODE_SIGN_STYLE = Automatic;
				CURRENT_PROJECT_VERSION = 1;
				DEVELOPMENT_TEAM = XRBX6Z7278;
				ENABLE_PREVIEWS = YES;
				GENERATE_INFOPLIST_FILE = YES;
				INFOPLIST_FILE = SwiftCallKit/Info.plist;
				INFOPLIST_KEY_NSMicrophoneUsageDescription = "We need microphone access for calls";
				INFOPLIST_KEY_NSVoIPUsageDescription = "";
				INFOPLIST_KEY_UIApplicationSceneManifest_Generation = YES;
				INFOPLIST_KEY_UIApplicationSupportsIndirectInputEvents = YES;
				INFOPLIST_KEY_UILaunchScreen_Generation = YES;
				INFOPLIST_KEY_UISupportedInterfaceOrientations_iPad = "UIInterfaceOrientationPortrait UIInterfaceOrientationPortraitUpsideDown UIInterfaceOrientationLandscapeLeft UIInterfaceOrientationLandscapeRight";
				INFOPLIST_KEY_UISupportedInterfaceOrientations_iPhone = "UIInterfaceOrientationPortrait UIInterfaceOrientationLandscapeLeft UIInterfaceOrientationLandscapeRight";
				LD_RUNPATH_SEARCH_PATHS = (
					"$(inherited)",
					"@executable_path/Frameworks",
				);
				MARKETING_VERSION = 1.0;
				PRODUCT_BUNDLE_IDENTIFIER = XOX.iOS.SwiftCallKit;
				PRODUCT_NAME = "$(TARGET_NAME)";
				STRING_CATALOG_GENERATE_SYMBOLS = YES;
				SWIFT_APPROACHABLE_CONCURRENCY = YES;
				SWIFT_DEFAULT_ACTOR_ISOLATION = MainActor;
				SWIFT_EMIT_LOC_STRINGS = YES;
				SWIFT_UPCOMING_FEATURE_MEMBER_IMPORT_VISIBILITY = YES;
				SWIFT_VERSION = 5.0;
				TARGETED_DEVICE_FAMILY = "1,2";
			};
			name = Release;
		};
		4054BCDA2F298FE400AD8947 /* Debug */ = {
			isa = XCBuildConfiguration;
			buildSettings = {
				BUNDLE_LOADER = "$(TEST_HOST)";
				CODE_SIGN_STYLE = Automatic;
				CURRENT_PROJECT_VERSION = 1;
				DEVELOPMENT_TEAM = XRBX6Z7278;
				GENERATE_INFOPLIST_FILE = YES;
				IPHONEOS_DEPLOYMENT_TARGET = 26.0;
				MARKETING_VERSION = 1.0;
				PRODUCT_BUNDLE_IDENTIFIER = XOX.iOS.SwiftCallKitTests;
				PRODUCT_NAME = "$(TARGET_NAME)";
				STRING_CATALOG_GENERATE_SYMBOLS = NO;
				SWIFT_APPROACHABLE_CONCURRENCY = YES;
				SWIFT_EMIT_LOC_STRINGS = NO;
				SWIFT_UPCOMING_FEATURE_MEMBER_IMPORT_VISIBILITY = YES;
				SWIFT_VERSION = 5.0;
				TARGETED_DEVICE_FAMILY = "1,2";
				TEST_HOST = "$(BUILT_PRODUCTS_DIR)/SwiftCallKit.app/$(BUNDLE_EXECUTABLE_FOLDER_PATH)/SwiftCallKit";
			};
			name = Debug;
		};
		4054BCDB2F298FE400AD8947 /* Release */ = {
			isa = XCBuildConfiguration;
			buildSettings = {
				BUNDLE_LOADER = "$(TEST_HOST)";
				CODE_SIGN_STYLE = Automatic;
				CURRENT_PROJECT_VERSION = 1;
				DEVELOPMENT_TEAM = XRBX6Z7278;
				GENERATE_INFOPLIST_FILE = YES;
				IPHONEOS_DEPLOYMENT_TARGET = 26.0;
				MARKETING_VERSION = 1.0;
				PRODUCT_BUNDLE_IDENTIFIER = XOX.iOS.SwiftCallKitTests;
				PRODUCT_NAME = "$(TARGET_NAME)";
				STRING_CATALOG_GENERATE_SYMBOLS = NO;
				SWIFT_APPROACHABLE_CONCURRENCY = YES;
				SWIFT_EMIT_LOC_STRINGS = NO;
				SWIFT_UPCOMING_FEATURE_MEMBER_IMPORT_VISIBILITY = YES;
				SWIFT_VERSION = 5.0;
				TARGETED_DEVICE_FAMILY = "1,2";
				TEST_HOST = "$(BUILT_PRODUCTS_DIR)/SwiftCallKit.app/$(BUNDLE_EXECUTABLE_FOLDER_PATH)/SwiftCallKit";
			};
			name = Release;
		};
		4054BCDD2F298FE400AD8947 /* Debug */ = {
			isa = XCBuildConfiguration;
			buildSettings = {
				CODE_SIGN_STYLE = Automatic;
				CURRENT_PROJECT_VERSION = 1;
				DEVELOPMENT_TEAM = XRBX6Z7278;
				GENERATE_INFOPLIST_FILE = YES;
				MARKETING_VERSION = 1.0;
				PRODUCT_BUNDLE_IDENTIFIER = XOX.iOS.SwiftCallKitUITests;
				PRODUCT_NAME = "$(TARGET_NAME)";
				STRING_CATALOG_GENERATE_SYMBOLS = NO;
				SWIFT_APPROACHABLE_CONCURRENCY = YES;
				SWIFT_EMIT_LOC_STRINGS = NO;
				SWIFT_UPCOMING_FEATURE_MEMBER_IMPORT_VISIBILITY = YES;
				SWIFT_VERSION = 5.0;
				TARGETED_DEVICE_FAMILY = "1,2";
				TEST_TARGET_NAME = SwiftCallKit;
			};
			name = Debug;
		};
		4054BCDE2F298FE400AD8947 /* Release */ = {
			isa = XCBuildConfiguration;
			buildSettings = {
				CODE_SIGN_STYLE = Automatic;
				CURRENT_PROJECT_VERSION = 1;
				DEVELOPMENT_TEAM = XRBX6Z7278;
				GENERATE_INFOPLIST_FILE = YES;
				MARKETING_VERSION = 1.0;
				PRODUCT_BUNDLE_IDENTIFIER = XOX.iOS.SwiftCallKitUITests;
				PRODUCT_NAME = "$(TARGET_NAME)";
				STRING_CATALOG_GENERATE_SYMBOLS = NO;
				SWIFT_APPROACHABLE_CONCURRENCY = YES;
				SWIFT_EMIT_LOC_STRINGS = NO;
				SWIFT_UPCOMING_FEATURE_MEMBER_IMPORT_VISIBILITY = YES;
				SWIFT_VERSION = 5.0;
				TARGETED_DEVICE_FAMILY = "1,2";
				TEST_TARGET_NAME = SwiftCallKit;
			};
			name = Release;
		};
/* End XCBuildConfiguration section */

/* Begin XCConfigurationList section */
		4054BCB02F298FE100AD8947 /* Build configuration list for PBXProject "SwiftCallKit" */ = {
			isa = XCConfigurationList;
			buildConfigurations = (
				4054BCD42F298FE400AD8947 /* Debug */,
				4054BCD52F298FE400AD8947 /* Release */,
			);
			defaultConfigurationIsVisible = 0;
			defaultConfigurationName = Release;
		};
		4054BCD62F298FE400AD8947 /* Build configuration list for PBXNativeTarget "SwiftCallKit" */ = {
			isa = XCConfigurationList;
			buildConfigurations = (
				4054BCD72F298FE400AD8947 /* Debug */,
				4054BCD82F298FE400AD8947 /* Release */,
			);
			defaultConfigurationIsVisible = 0;
			defaultConfigurationName = Release;
		};
		4054BCD92F298FE400AD8947 /* Build configuration list for PBXNativeTarget "SwiftCallKitTests" */ = {
			isa = XCConfigurationList;
			buildConfigurations = (
				4054BCDA2F298FE400AD8947 /* Debug */,
				4054BCDB2F298FE400AD8947 /* Release */,
			);
			defaultConfigurationIsVisible = 0;
			defaultConfigurationName = Release;
		};
		4054BCDC2F298FE400AD8947 /* Build configuration list for PBXNativeTarget "SwiftCallKitUITests" */ = {
			isa = XCConfigurationList;
			buildConfigurations = (
				4054BCDD2F298FE400AD8947 /* Debug */,
				4054BCDE2F298FE400AD8947 /* Release */,
			);
			defaultConfigurationIsVisible = 0;
			defaultConfigurationName = Release;
		};
/* End XCConfigurationList section */

/* Begin XCRemoteSwiftPackageReference section */
		40ECF2132F2ECD4C000FA535 /* XCRemoteSwiftPackageReference "client-sdk-swift" */ = {
			isa = XCRemoteSwiftPackageReference;
			repositoryURL = "https://github.com/livekit/client-sdk-swift";
			requirement = {
				kind = upToNextMajorVersion;
				minimumVersion = 2.11.0;
			};
		};
/* End XCRemoteSwiftPackageReference section */

/* Begin XCSwiftPackageProductDependency section */
		40ECF2142F2ECD4C000FA535 /* LiveKit */ = {
			isa = XCSwiftPackageProductDependency;
			package = 40ECF2132F2ECD4C000FA535 /* XCRemoteSwiftPackageReference "client-sdk-swift" */;
			productName = LiveKit;
		};
/* End XCSwiftPackageProductDependency section */
	};
	rootObject = 4054BCAD2F298FE100AD8947 /* Project object */;
}
